
Microsoft Visual Studio Solution File, Format Version 12.00
# Visual Studio Version 17
VisualStudioVersion = 17.4.33213.308
MinimumVisualStudioVersion = 10.0.40219.1
Project("{9A19103F-16F7-4668-BE54-9A1E7A4F7556}") = "LambdaEventBridgeProducer", "LambdaEventBridgeProducer.csproj", "{ACBB2DB6-B146-4246-9217-6AB4800AC3DE}"
EndProject
Global
	GlobalSection(SolutionConfigurationPlatforms) = preSolution
		Debug|Any CPU = Debug|Any CPU
		Release|Any CPU = Release|Any CPU
	EndGlobalSection
	GlobalSection(ProjectConfigurationPlatforms) = postSolution
		{ACBB2DB6-B146-4246-9217-6AB4800AC3DE}.Debug|Any CPU.ActiveCfg = Debug|Any CPU
		{ACBB2DB6-B146-4246-9217-6AB4800AC3DE}.Debug|Any CPU.Build.0 = Debug|Any CPU
		{ACBB2DB6-B146-4246-9217-6AB4800AC3DE}.Release|Any CPU.ActiveCfg = Release|Any CPU
		{ACBB2DB6-B146-4246-9217-6AB4800AC3DE}.Release|Any CPU.Build.0 = Release|Any CPU
	EndGlobalSection
	GlobalSection(SolutionProperties) = preSolution
		HideSolutionNode = FALSE
	EndGlobalSection
	GlobalSection(ExtensibilityGlobals) = postSolution
		SolutionGuid = {1CECF8A4-CDEE-417D-A6CA-42C4FCF7AAA4}
	EndGlobalSection
EndGlobal
